
Microsoft Visual Studio Solution File, Format Version 12.00
# Visual Studio Version 18
VisualStudioVersion = 18.2.11415.280 d18.0
MinimumVisualStudioVersion = 10.0.40219.1
Project("{FAE04EC0-301F-11D3-BF4B-00C04F79EFBC}") = "myWebApps", "myWebApps\myWebApps.csproj", "{E4ED5109-A32B-4A89-BB5D-CB7F3536CFA6}"
EndProject
Global
	GlobalSection(SolutionConfigurationPlatforms) = preSolution
		Debug|Any CPU = Debug|Any CPU
		Release|Any CPU = Release|Any CPU
	EndGlobalSection
	GlobalSection(ProjectConfigurationPlatforms) = postSolution
		{E4ED5109-A32B-4A89-BB5D-CB7F3536CFA6}.Debug|Any CPU.ActiveCfg = Debug|Any CPU
		{E4ED5109-A32B-4A89-BB5D-CB7F3536CFA6}.Debug|Any CPU.Build.0 = Debug|Any CPU
		{E4ED5109-A32B-4A89-BB5D-CB7F3536CFA6}.Release|Any CPU.ActiveCfg = Release|Any CPU
		{E4ED5109-A32B-4A89-BB5D-CB7F3536CFA6}.Release|Any CPU.Build.0 = Release|Any CPU
	EndGlobalSection
	GlobalSection(SolutionProperties) = preSolution
		HideSolutionNode = FALSE
	EndGlobalSection
	GlobalSection(ExtensibilityGlobals) = postSolution
		SolutionGuid = {75865495-090F-4661-8EC6-E872CE5A9B4E}
	EndGlobalSection
EndGlobal
